{
	"name": "b-package",
	"version": "0.0.0",
	"lockfileVersion": 1,
	"requires": true,
	"dependencies": {
		"node-color-log": {
			"version": "2.2.0",
			"resolved": "https://registry.npmjs.org/node-color-log/-/node-color-log-2.2.0.tgz",
			"integrity": "sha512-Bzr3CbIMmzlVTioYNzPz1qLwQDdajM7Om6A+1DgTQq4IqsdM5UabfWysuWnsN/jrhj8kiFCNqJousxYeN4PP9w=="
		},
		"typescript": {
			"version": "3.6.3",
			"resolved": "https://registry.npmjs.org/typescript/-/typescript-3.6.3.tgz",
			"integrity": "sha512-N7bceJL1CtRQ2RiG0AQME13ksR7DiuQh/QehubYcghzv20tnh+MQnQIuJddTmsbqYj+dztchykemz0zFzlvdQw=="
		}
	}
}
